// !$*UTF8*$!
{
	archiveVersion = 1;
	classes = {
	};
	objectVersion = 48;
	objects = {

/* Begin PBXBuildFile section */
		8A130C742029C9ED00FF504D /* Config.swift in Sources */ = {isa = PBXBuildFile; fileRef = 8A130C732029C9ED00FF504D /* Config.swift */; };
		8A130C792029CF8300FF504D /* ProgressHUD.m in Sources */ = {isa = PBXBuildFile; fileRef = 8A130C772029CF8200FF504D /* ProgressHUD.m */; };
		8A130C7A2029CF8300FF504D /* ProgressHUD.bundle in Resources */ = {isa = PBXBuildFile; fileRef = 8A130C782029CF8200FF504D /* ProgressHUD.bundle */; };
		8A130C7E202B16F300FF504D /* AddPostViewController.swift in Sources */ = {isa = PBXBuildFile; fileRef = 8A130C7D202B16F300FF504D /* AddPostViewController.swift */; };
		8A69F10320287FA90026FBFC /* SearchViewController.swift in Sources */ = {isa = PBXBuildFile; fileRef = 8A69F10220287FA90026FBFC /* SearchViewController.swift */; };
		8A69F10520287FB20026FBFC /* AddSpotViewController.swift in Sources */ = {isa = PBXBuildFile; fileRef = 8A69F10420287FB20026FBFC /* AddSpotViewController.swift */; };
		8A69F10720287FB80026FBFC /* ProfileViewController.swift in Sources */ = {isa = PBXBuildFile; fileRef = 8A69F10620287FB80026FBFC /* ProfileViewController.swift */; };
		8A69F10B2029B9E50026FBFC /* AuthServices.swift in Sources */ = {isa = PBXBuildFile; fileRef = 8A69F10A2029B9E50026FBFC /* AuthServices.swift */; };
		8A8698092025CD9C0089ADBD /* AppDelegate.swift in Sources */ = {isa = PBXBuildFile; fileRef = 8A8698082025CD9C0089ADBD /* AppDelegate.swift */; };
		8A86980B2025CD9C0089ADBD /* FeedViewController.swift in Sources */ = {isa = PBXBuildFile; fileRef = 8A86980A2025CD9C0089ADBD /* FeedViewController.swift */; };
		8A86980E2025CD9C0089ADBD /* Main.storyboard in Resources */ = {isa = PBXBuildFile; fileRef = 8A86980C2025CD9C0089ADBD /* Main.storyboard */; };
		8A8698102025CD9C0089ADBD /* Assets.xcassets in Resources */ = {isa = PBXBuildFile; fileRef = 8A86980F2025CD9C0089ADBD /* Assets.xcassets */; };
		8A8698132025CD9C0089ADBD /* LaunchScreen.storyboard in Resources */ = {isa = PBXBuildFile; fileRef = 8A8698112025CD9C0089ADBD /* LaunchScreen.storyboard */; };
		8A86981B2025CDFF0089ADBD /* RootPageViewController.swift in Sources */ = {isa = PBXBuildFile; fileRef = 8A86981A2025CDFF0089ADBD /* RootPageViewController.swift */; };
		8A86981D2025DA3B0089ADBD /* LoginViewController.swift in Sources */ = {isa = PBXBuildFile; fileRef = 8A86981C2025DA3B0089ADBD /* LoginViewController.swift */; };
		8A86981F2025DA430089ADBD /* CreateAccountViewController.swift in Sources */ = {isa = PBXBuildFile; fileRef = 8A86981E2025DA430089ADBD /* CreateAccountViewController.swift */; };
		8A8698212026460F0089ADBD /* GoogleService-Info.plist in Resources */ = {isa = PBXBuildFile; fileRef = 8A8698202026460F0089ADBD /* GoogleService-Info.plist */; };
		8A890F25202F077300651499 /* TabBar.storyboard in Resources */ = {isa = PBXBuildFile; fileRef = 8A890F24202F077300651499 /* TabBar.storyboard */; };
		8A8B065C202F8343009AC291 /* FeedTableViewCell.swift in Sources */ = {isa = PBXBuildFile; fileRef = 8A8B065B202F8343009AC291 /* FeedTableViewCell.swift */; };
		8AAE94B42032FB2000C954AE /* Comment.swift in Sources */ = {isa = PBXBuildFile; fileRef = 8AAE94B32032FB2000C954AE /* Comment.swift */; };
		8ABD0357202CCB9A00BC7568 /* Post.swift in Sources */ = {isa = PBXBuildFile; fileRef = 8ABD0356202CCB9A00BC7568 /* Post.swift */; };
		8AC74E86203062E40005E7BE /* UserModel.swift in Sources */ = {isa = PBXBuildFile; fileRef = 8AC74E85203062E40005E7BE /* UserModel.swift */; };
		8AC74E882031A8840005E7BE /* CommentViewController.swift in Sources */ = {isa = PBXBuildFile; fileRef = 8AC74E872031A8840005E7BE /* CommentViewController.swift */; };
		8AC74E8A2031A8B00005E7BE /* CommentTableViewCell.swift in Sources */ = {isa = PBXBuildFile; fileRef = 8AC74E892031A8B00005E7BE /* CommentTableViewCell.swift */; };
		D7C79A04ED3827EFC72189D6 /* Pods_OthersMobile.framework in Frameworks */ = {isa = PBXBuildFile; fileRef = 2FE392EDE15E1F5B481BEA9A /* Pods_OthersMobile.framework */; };
/* End PBXBuildFile section */

/* Begin PBXFileReference section */
		0AFB421CC02542D62C6500AB /* Pods-OthersMobile.release.xcconfig */ = {isa = PBXFileReference; includeInIndex = 1; lastKnownFileType = text.xcconfig; name = "Pods-OthersMobile.release.xcconfig"; path = "Pods/Target Support Files/Pods-OthersMobile/Pods-OthersMobile.release.xcconfig"; sourceTree = "<group>"; };
		2FE392EDE15E1F5B481BEA9A /* Pods_OthersMobile.framework */ = {isa = PBXFileReference; explicitFileType = wrapper.framework; includeInIndex = 0; path = Pods_OthersMobile.framework; sourceTree = BUILT_PRODUCTS_DIR; };
		8A130C732029C9ED00FF504D /* Config.swift */ = {isa = PBXFileReference; lastKnownFileType = sourcecode.swift; path = Config.swift; sourceTree = "<group>"; };
		8A130C752029CF8100FF504D /* OthersMobile-Bridging-Header.h */ = {isa = PBXFileReference; lastKnownFileType = sourcecode.c.h; path = "OthersMobile-Bridging-Header.h"; sourceTree = "<group>"; };
		8A130C762029CF8200FF504D /* ProgressHUD.h */ = {isa = PBXFileReference; fileEncoding = 4; lastKnownFileType = sourcecode.c.h; path = ProgressHUD.h; sourceTree = "<group>"; };
		8A130C772029CF8200FF504D /* ProgressHUD.m */ = {isa = PBXFileReference; fileEncoding = 4; lastKnownFileType = sourcecode.c.objc; path = ProgressHUD.m; sourceTree = "<group>"; };
		8A130C782029CF8200FF504D /* ProgressHUD.bundle */ = {isa = PBXFileReference; lastKnownFileType = "wrapper.plug-in"; path = ProgressHUD.bundle; sourceTree = "<group>"; };
		8A130C7D202B16F300FF504D /* AddPostViewController.swift */ = {isa = PBXFileReference; lastKnownFileType = sourcecode.swift; path = AddPostViewController.swift; sourceTree = "<group>"; };
		8A69F10220287FA90026FBFC /* SearchViewController.swift */ = {isa = PBXFileReference; lastKnownFileType = sourcecode.swift; path = SearchViewController.swift; sourceTree = "<group>"; };
		8A69F10420287FB20026FBFC /* AddSpotViewController.swift */ = {isa = PBXFileReference; lastKnownFileType = sourcecode.swift; path = AddSpotViewController.swift; sourceTree = "<group>"; };
		8A69F10620287FB80026FBFC /* ProfileViewController.swift */ = {isa = PBXFileReference; lastKnownFileType = sourcecode.swift; path = ProfileViewController.swift; sourceTree = "<group>"; };
		8A69F10A2029B9E50026FBFC /* AuthServices.swift */ = {isa = PBXFileReference; lastKnownFileType = sourcecode.swift; path = AuthServices.swift; sourceTree = "<group>"; };
		8A8698052025CD9C0089ADBD /* OthersMobile.app */ = {isa = PBXFileReference; explicitFileType = wrapper.application; includeInIndex = 0; path = OthersMobile.app; sourceTree = BUILT_PRODUCTS_DIR; };
		8A8698082025CD9C0089ADBD /* AppDelegate.swift */ = {isa = PBXFileReference; lastKnownFileType = sourcecode.swift; path = AppDelegate.swift; sourceTree = "<group>"; };
		8A86980A2025CD9C0089ADBD /* FeedViewController.swift */ = {isa = PBXFileReference; lastKnownFileType = sourcecode.swift; path = FeedViewController.swift; sourceTree = "<group>"; };
		8A86980D2025CD9C0089ADBD /* Base */ = {isa = PBXFileReference; lastKnownFileType = file.storyboard; name = Base; path = Base.lproj/Main.storyboard; sourceTree = "<group>"; };
		8A86980F2025CD9C0089ADBD /* Assets.xcassets */ = {isa = PBXFileReference; lastKnownFileType = folder.assetcatalog; path = Assets.xcassets; sourceTree = "<group>"; };
		8A8698122025CD9C0089ADBD /* Base */ = {isa = PBXFileReference; lastKnownFileType = file.storyboard; name = Base; path = Base.lproj/LaunchScreen.storyboard; sourceTree = "<group>"; };
		8A8698142025CD9C0089ADBD /* Info.plist */ = {isa = PBXFileReference; lastKnownFileType = text.plist.xml; path = Info.plist; sourceTree = "<group>"; };
		8A86981A2025CDFF0089ADBD /* RootPageViewController.swift */ = {isa = PBXFileReference; lastKnownFileType = sourcecode.swift; path = RootPageViewController.swift; sourceTree = "<group>"; };
		8A86981C2025DA3B0089ADBD /* LoginViewController.swift */ = {isa = PBXFileReference; lastKnownFileType = sourcecode.swift; path = LoginViewController.swift; sourceTree = "<group>"; };
		8A86981E2025DA430089ADBD /* CreateAccountViewController.swift */ = {isa = PBXFileReference; lastKnownFileType = sourcecode.swift; path = CreateAccountViewController.swift; sourceTree = "<group>"; };
		8A8698202026460F0089ADBD /* GoogleService-Info.plist */ = {isa = PBXFileReference; fileEncoding = 4; lastKnownFileType = text.plist.xml; path = "GoogleService-Info.plist"; sourceTree = "<group>"; };
		8A890F24202F077300651499 /* TabBar.storyboard */ = {isa = PBXFileReference; fileEncoding = 4; lastKnownFileType = file.storyboard; path = TabBar.storyboard; sourceTree = "<group>"; };
		8A8B065B202F8343009AC291 /* FeedTableViewCell.swift */ = {isa = PBXFileReference; lastKnownFileType = sourcecode.swift; path = FeedTableViewCell.swift; sourceTree = "<group>"; };
		8AAE94B32032FB2000C954AE /* Comment.swift */ = {isa = PBXFileReference; lastKnownFileType = sourcecode.swift; path = Comment.swift; sourceTree = "<group>"; };
		8ABD0356202CCB9A00BC7568 /* Post.swift */ = {isa = PBXFileReference; lastKnownFileType = sourcecode.swift; path = Post.swift; sourceTree = "<group>"; };
		8AC74E85203062E40005E7BE /* UserModel.swift */ = {isa = PBXFileReference; lastKnownFileType = sourcecode.swift; path = UserModel.swift; sourceTree = "<group>"; };
		8AC74E872031A8840005E7BE /* CommentViewController.swift */ = {isa = PBXFileReference; lastKnownFileType = sourcecode.swift; path = CommentViewController.swift; sourceTree = "<group>"; };
		8AC74E892031A8B00005E7BE /* CommentTableViewCell.swift */ = {isa = PBXFileReference; lastKnownFileType = sourcecode.swift; path = CommentTableViewCell.swift; sourceTree = "<group>"; };
		9530A3080B03411418B356E3 /* Pods-OthersMobile.debug.xcconfig */ = {isa = PBXFileReference; includeInIndex = 1; lastKnownFileType = text.xcconfig; name = "Pods-OthersMobile.debug.xcconfig"; path = "Pods/Target Support Files/Pods-OthersMobile/Pods-OthersMobile.debug.xcconfig"; sourceTree = "<group>"; };
/* End PBXFileReference section */

/* Begin PBXFrameworksBuildPhase section */
		8A8698022025CD9C0089ADBD /* Frameworks */ = {
			isa = PBXFrameworksBuildPhase;
			buildActionMask = 2147483647;
			files = (
				D7C79A04ED3827EFC72189D6 /* Pods_OthersMobile.framework in Frameworks */,
			);
			runOnlyForDeploymentPostprocessing = 0;
		};
/* End PBXFrameworksBuildPhase section */

/* Begin PBXGroup section */
		8A69F1082029B9840026FBFC /* View Controllers */ = {
			isa = PBXGroup;
			children = (
				8A86980A2025CD9C0089ADBD /* FeedViewController.swift */,
				8AC74E872031A8840005E7BE /* CommentViewController.swift */,
				8A130C7D202B16F300FF504D /* AddPostViewController.swift */,
				8A69F10220287FA90026FBFC /* SearchViewController.swift */,
				8A69F10420287FB20026FBFC /* AddSpotViewController.swift */,
				8A69F10620287FB80026FBFC /* ProfileViewController.swift */,
				8A86981C2025DA3B0089ADBD /* LoginViewController.swift */,
				8A86981E2025DA430089ADBD /* CreateAccountViewController.swift */,
				8A86981A2025CDFF0089ADBD /* RootPageViewController.swift */,
			);
			path = "View Controllers";
			sourceTree = "<group>";
		};
		8A69F1092029B9B30026FBFC /* Storyboards */ = {
			isa = PBXGroup;
			children = (
				8A890F24202F077300651499 /* TabBar.storyboard */,
				8A86980C2025CD9C0089ADBD /* Main.storyboard */,
			);
			path = Storyboards;
			sourceTree = "<group>";
		};
		8A8697FC2025CD9C0089ADBD = {
			isa = PBXGroup;
			children = (
				8A8698072025CD9C0089ADBD /* OthersMobile */,
				8A8698062025CD9C0089ADBD /* Products */,
				C0B3040B6109768E66EA839A /* Pods */,
				C02EAE2B6DADCDBC81B08D4C /* Frameworks */,
			);
			sourceTree = "<group>";
		};
		8A8698062025CD9C0089ADBD /* Products */ = {
			isa = PBXGroup;
			children = (
				8A8698052025CD9C0089ADBD /* OthersMobile.app */,
			);
			name = Products;
			sourceTree = "<group>";
		};
		8A8698072025CD9C0089ADBD /* OthersMobile */ = {
			isa = PBXGroup;
			children = (
				8A8698082025CD9C0089ADBD /* AppDelegate.swift */,
				8A69F10A2029B9E50026FBFC /* AuthServices.swift */,
				8A130C732029C9ED00FF504D /* Config.swift */,
				8A8B065D202F8349009AC291 /* Views */,
				8ABD0355202CCB8B00BC7568 /* Model */,
				8A69F1082029B9840026FBFC /* View Controllers */,
				8A69F1092029B9B30026FBFC /* Storyboards */,
				8A86980F2025CD9C0089ADBD /* Assets.xcassets */,
				8A8698112025CD9C0089ADBD /* LaunchScreen.storyboard */,
				8A8698202026460F0089ADBD /* GoogleService-Info.plist */,
				8A8698142025CD9C0089ADBD /* Info.plist */,
				8A130C782029CF8200FF504D /* ProgressHUD.bundle */,
				8A130C762029CF8200FF504D /* ProgressHUD.h */,
				8A130C772029CF8200FF504D /* ProgressHUD.m */,
				8A130C752029CF8100FF504D /* OthersMobile-Bridging-Header.h */,
			);
			path = OthersMobile;
			sourceTree = "<group>";
		};
		8A8B065D202F8349009AC291 /* Views */ = {
			isa = PBXGroup;
			children = (
				8A8B065B202F8343009AC291 /* FeedTableViewCell.swift */,
				8AC74E892031A8B00005E7BE /* CommentTableViewCell.swift */,
			);
			path = Views;
			sourceTree = "<group>";
		};
		8ABD0355202CCB8B00BC7568 /* Model */ = {
			isa = PBXGroup;
			children = (
				8ABD0356202CCB9A00BC7568 /* Post.swift */,
				8AC74E85203062E40005E7BE /* UserModel.swift */,
				8AAE94B32032FB2000C954AE /* Comment.swift */,
			);
			path = Model;
			sourceTree = "<group>";
		};
		C02EAE2B6DADCDBC81B08D4C /* Frameworks */ = {
			isa = PBXGroup;
			children = (
				2FE392EDE15E1F5B481BEA9A /* Pods_OthersMobile.framework */,
			);
			name = Frameworks;
			sourceTree = "<group>";
		};
		C0B3040B6109768E66EA839A /* Pods */ = {
			isa = PBXGroup;
			children = (
				9530A3080B03411418B356E3 /* Pods-OthersMobile.debug.xcconfig */,
				0AFB421CC02542D62C6500AB /* Pods-OthersMobile.release.xcconfig */,
			);
			name = Pods;
			sourceTree = "<group>";
		};
/* End PBXGroup section */

/* Begin PBXNativeTarget section */
		8A8698042025CD9C0089ADBD /* OthersMobile */ = {
			isa = PBXNativeTarget;
			buildConfigurationList = 8A8698172025CD9C0089ADBD /* Build configuration list for PBXNativeTarget "OthersMobile" */;
			buildPhases = (
				FDB0D735AB70E11271B1320F /* [CP] Check Pods Manifest.lock */,
				8A8698012025CD9C0089ADBD /* Sources */,
				8A8698022025CD9C0089ADBD /* Frameworks */,
				8A8698032025CD9C0089ADBD /* Resources */,
				B2C9F7303DB7E580D6C5B509 /* [CP] Embed Pods Frameworks */,
				464C3FB923A645895D911997 /* [CP] Copy Pods Resources */,
			);
			buildRules = (
			);
			dependencies = (
			);
			name = OthersMobile;
			productName = OthersMobile;
			productReference = 8A8698052025CD9C0089ADBD /* OthersMobile.app */;
			productType = "com.apple.product-type.application";
		};
/* End PBXNativeTarget section */

/* Begin PBXProject section */
		8A8697FD2025CD9C0089ADBD /* Project object */ = {
			isa = PBXProject;
			attributes = {
				LastSwiftUpdateCheck = 0920;
				LastUpgradeCheck = 0920;
				ORGANIZATIONNAME = "Andrew Tuzson";
				TargetAttributes = {
					8A8698042025CD9C0089ADBD = {
						CreatedOnToolsVersion = 9.2;
						LastSwiftMigration = 0920;
						ProvisioningStyle = Automatic;
					};
				};
			};
			buildConfigurationList = 8A8698002025CD9C0089ADBD /* Build configuration list for PBXProject "OthersMobile" */;
			compatibilityVersion = "Xcode 8.0";
			developmentRegion = en;
			hasScannedForEncodings = 0;
			knownRegions = (
				en,
				Base,
			);
			mainGroup = 8A8697FC2025CD9C0089ADBD;
			productRefGroup = 8A8698062025CD9C0089ADBD /* Products */;
			projectDirPath = "";
			projectRoot = "";
			targets = (
				8A8698042025CD9C0089ADBD /* OthersMobile */,
			);
		};
/* End PBXProject section */

/* Begin PBXResourcesBuildPhase section */
		8A8698032025CD9C0089ADBD /* Resources */ = {
			isa = PBXResourcesBuildPhase;
			buildActionMask = 2147483647;
			files = (
				8A8698132025CD9C0089ADBD /* LaunchScreen.storyboard in Resources */,
				8A8698212026460F0089ADBD /* GoogleService-Info.plist in Resources */,
				8A8698102025CD9C0089ADBD /* Assets.xcassets in Resources */,
				8A130C7A2029CF8300FF504D /* ProgressHUD.bundle in Resources */,
				8A890F25202F077300651499 /* TabBar.storyboard in Resources */,
				8A86980E2025CD9C0089ADBD /* Main.storyboard in Resources */,
			);
			runOnlyForDeploymentPostprocessing = 0;
		};
/* End PBXResourcesBuildPhase section */

/* Begin PBXShellScriptBuildPhase section */
		464C3FB923A645895D911997 /* [CP] Copy Pods Resources */ = {
			isa = PBXShellScriptBuildPhase;
			buildActionMask = 2147483647;
			files = (
			);
			inputPaths = (
			);
			name = "[CP] Copy Pods Resources";
			outputPaths = (
			);
			runOnlyForDeploymentPostprocessing = 0;
			shellPath = /bin/sh;
			shellScript = "\"${SRCROOT}/Pods/Target Support Files/Pods-OthersMobile/Pods-OthersMobile-resources.sh\"\n";
			showEnvVarsInLog = 0;
		};
		B2C9F7303DB7E580D6C5B509 /* [CP] Embed Pods Frameworks */ = {
			isa = PBXShellScriptBuildPhase;
			buildActionMask = 2147483647;
			files = (
			);
			inputPaths = (
				"${SRCROOT}/Pods/Target Support Files/Pods-OthersMobile/Pods-OthersMobile-frameworks.sh",
				"${BUILT_PRODUCTS_DIR}/GTMSessionFetcher/GTMSessionFetcher.framework",
				"${BUILT_PRODUCTS_DIR}/GoogleToolboxForMac/GoogleToolboxForMac.framework",
				"${BUILT_PRODUCTS_DIR}/ProgressHUD/ProgressHUD.framework",
				"${BUILT_PRODUCTS_DIR}/SDWebImage/SDWebImage.framework",
				"${BUILT_PRODUCTS_DIR}/leveldb-library/leveldb.framework",
				"${BUILT_PRODUCTS_DIR}/nanopb/nanopb.framework",
			);
			name = "[CP] Embed Pods Frameworks";
			outputPaths = (
				"${TARGET_BUILD_DIR}/${FRAMEWORKS_FOLDER_PATH}/GTMSessionFetcher.framework",
				"${TARGET_BUILD_DIR}/${FRAMEWORKS_FOLDER_PATH}/GoogleToolboxForMac.framework",
				"${TARGET_BUILD_DIR}/${FRAMEWORKS_FOLDER_PATH}/ProgressHUD.framework",
				"${TARGET_BUILD_DIR}/${FRAMEWORKS_FOLDER_PATH}/SDWebImage.framework",
				"${TARGET_BUILD_DIR}/${FRAMEWORKS_FOLDER_PATH}/leveldb.framework",
				"${TARGET_BUILD_DIR}/${FRAMEWORKS_FOLDER_PATH}/nanopb.framework",
			);
			runOnlyForDeploymentPostprocessing = 0;
			shellPath = /bin/sh;
			shellScript = "\"${SRCROOT}/Pods/Target Support Files/Pods-OthersMobile/Pods-OthersMobile-frameworks.sh\"\n";
			showEnvVarsInLog = 0;
		};
		FDB0D735AB70E11271B1320F /* [CP] Check Pods Manifest.lock */ = {
			isa = PBXShellScriptBuildPhase;
			buildActionMask = 2147483647;
			files = (
			);
			inputPaths = (
				"${PODS_PODFILE_DIR_PATH}/Podfile.lock",
				"${PODS_ROOT}/Manifest.lock",
			);
			name = "[CP] Check Pods Manifest.lock";
			outputPaths = (
				"$(DERIVED_FILE_DIR)/Pods-OthersMobile-checkManifestLockResult.txt",
			);
			runOnlyForDeploymentPostprocessing = 0;
			shellPath = /bin/sh;
			shellScript = "diff \"${PODS_PODFILE_DIR_PATH}/Podfile.lock\" \"${PODS_ROOT}/Manifest.lock\" > /dev/null\nif [ $? != 0 ] ; then\n    # print error to STDERR\n    echo \"error: The sandbox is not in sync with the Podfile.lock. Run 'pod install' or update your CocoaPods installation.\" >&2\n    exit 1\nfi\n# This output is used by Xcode 'outputs' to avoid re-running this script phase.\necho \"SUCCESS\" > \"${SCRIPT_OUTPUT_FILE_0}\"\n";
			showEnvVarsInLog = 0;
		};
/* End PBXShellScriptBuildPhase section */

/* Begin PBXSourcesBuildPhase section */
		8A8698012025CD9C0089ADBD /* Sources */ = {
			isa = PBXSourcesBuildPhase;
			buildActionMask = 2147483647;
			files = (
				8A69F10320287FA90026FBFC /* SearchViewController.swift in Sources */,
				8A86981F2025DA430089ADBD /* CreateAccountViewController.swift in Sources */,
				8A86981D2025DA3B0089ADBD /* LoginViewController.swift in Sources */,
				8A69F10520287FB20026FBFC /* AddSpotViewController.swift in Sources */,
				8ABD0357202CCB9A00BC7568 /* Post.swift in Sources */,
				8A130C7E202B16F300FF504D /* AddPostViewController.swift in Sources */,
				8AC74E8A2031A8B00005E7BE /* CommentTableViewCell.swift in Sources */,
				8AAE94B42032FB2000C954AE /* Comment.swift in Sources */,
				8A86981B2025CDFF0089ADBD /* RootPageViewController.swift in Sources */,
				8A86980B2025CD9C0089ADBD /* FeedViewController.swift in Sources */,
				8AC74E882031A8840005E7BE /* CommentViewController.swift in Sources */,
				8A130C792029CF8300FF504D /* ProgressHUD.m in Sources */,
				8A8B065C202F8343009AC291 /* FeedTableViewCell.swift in Sources */,
				8A69F10B2029B9E50026FBFC /* AuthServices.swift in Sources */,
				8A130C742029C9ED00FF504D /* Config.swift in Sources */,
				8A69F10720287FB80026FBFC /* ProfileViewController.swift in Sources */,
				8AC74E86203062E40005E7BE /* UserModel.swift in Sources */,
				8A8698092025CD9C0089ADBD /* AppDelegate.swift in Sources */,
			);
			runOnlyForDeploymentPostprocessing = 0;
		};
/* End PBXSourcesBuildPhase section */

/* Begin PBXVariantGroup section */
		8A86980C2025CD9C0089ADBD /* Main.storyboard */ = {
			isa = PBXVariantGroup;
			children = (
				8A86980D2025CD9C0089ADBD /* Base */,
			);
			name = Main.storyboard;
			sourceTree = "<group>";
		};
		8A8698112025CD9C0089ADBD /* LaunchScreen.storyboard */ = {
			isa = PBXVariantGroup;
			children = (
				8A8698122025CD9C0089ADBD /* Base */,
			);
			name = LaunchScreen.storyboard;
			sourceTree = "<group>";
		};
/* End PBXVariantGroup section */

/* Begin XCBuildConfiguration section */
		8A8698152025CD9C0089ADBD /* Debug */ = {
			isa = XCBuildConfiguration;
			buildSettings = {
				ALWAYS_SEARCH_USER_PATHS = NO;
				CLANG_ANALYZER_NONNULL = YES;
				CLANG_ANALYZER_NUMBER_OBJECT_CONVERSION = YES_AGGRESSIVE;
				CLANG_CXX_LANGUAGE_STANDARD = "gnu++14";
				CLANG_CXX_LIBRARY = "libc++";
				CLANG_ENABLE_MODULES = YES;
				CLANG_ENABLE_OBJC_ARC = YES;
				CLANG_WARN_BLOCK_CAPTURE_AUTORELEASING = YES;
				CLANG_WARN_BOOL_CONVERSION = YES;
				CLANG_WARN_COMMA = YES;
				CLANG_WARN_CONSTANT_CONVERSION = YES;
				CLANG_WARN_DIRECT_OBJC_ISA_USAGE = YES_ERROR;
				CLANG_WARN_DOCUMENTATION_COMMENTS = YES;
				CLANG_WARN_EMPTY_BODY = YES;
				CLANG_WARN_ENUM_CONVERSION = YES;
				CLANG_WARN_INFINITE_RECURSION = YES;
				CLANG_WARN_INT_CONVERSION = YES;
				CLANG_WARN_NON_LITERAL_NULL_CONVERSION = YES;
				CLANG_WARN_OBJC_LITERAL_CONVERSION = YES;
				CLANG_WARN_OBJC_ROOT_CLASS = YES_ERROR;
				CLANG_WARN_RANGE_LOOP_ANALYSIS = YES;
				CLANG_WARN_STRICT_PROTOTYPES = YES;
				CLANG_WARN_SUSPICIOUS_MOVE = YES;
				CLANG_WARN_UNGUARDED_AVAILABILITY = YES_AGGRESSIVE;
				CLANG_WARN_UNREACHABLE_CODE = YES;
				CLANG_WARN__DUPLICATE_METHOD_MATCH = YES;
				CODE_SIGN_IDENTITY = "iPhone Developer";
				COPY_PHASE_STRIP = NO;
				DEBUG_INFORMATION_FORMAT = dwarf;
				ENABLE_STRICT_OBJC_MSGSEND = YES;
				ENABLE_TESTABILITY = YES;
				GCC_C_LANGUAGE_STANDARD = gnu11;
				GCC_DYNAMIC_NO_PIC = NO;
				GCC_NO_COMMON_BLOCKS = YES;
				GCC_OPTIMIZATION_LEVEL = 0;
				GCC_PREPROCESSOR_DEFINITIONS = (
					"DEBUG=1",
					"$(inherited)",
				);
				GCC_WARN_64_TO_32_BIT_CONVERSION = YES;
				GCC_WARN_ABOUT_RETURN_TYPE = YES_ERROR;
				GCC_WARN_UNDECLARED_SELECTOR = YES;
				GCC_WARN_UNINITIALIZED_AUTOS = YES_AGGRESSIVE;
				GCC_WARN_UNUSED_FUNCTION = YES;
				GCC_WARN_UNUSED_VARIABLE = YES;
				IPHONEOS_DEPLOYMENT_TARGET = 11.2;
				MTL_ENABLE_DEBUG_INFO = YES;
				ONLY_ACTIVE_ARCH = YES;
				SDKROOT = iphoneos;
				SWIFT_ACTIVE_COMPILATION_CONDITIONS = DEBUG;
				SWIFT_OPTIMIZATION_LEVEL = "-Onone";
			};
			name = Debug;
		};
		8A8698162025CD9C0089ADBD /* Release */ = {
			isa = XCBuildConfiguration;
			buildSettings = {
				ALWAYS_SEARCH_USER_PATHS = NO;
				CLANG_ANALYZER_NONNULL = YES;
				CLANG_ANALYZER_NUMBER_OBJECT_CONVERSION = YES_AGGRESSIVE;
				CLANG_CXX_LANGUAGE_STANDARD = "gnu++14";
				CLANG_CXX_LIBRARY = "libc++";
				CLANG_ENABLE_MODULES = YES;
				CLANG_ENABLE_OBJC_ARC = YES;
				CLANG_WARN_BLOCK_CAPTURE_AUTORELEASING = YES;
				CLANG_WARN_BOOL_CONVERSION = YES;
				CLANG_WARN_COMMA = YES;
				CLANG_WARN_CONSTANT_CONVERSION = YES;
				CLANG_WARN_DIRECT_OBJC_ISA_USAGE = YES_ERROR;
				CLANG_WARN_DOCUMENTATION_COMMENTS = YES;
				CLANG_WARN_EMPTY_BODY = YES;
				CLANG_WARN_ENUM_CONVERSION = YES;
				CLANG_WARN_INFINITE_RECURSION = YES;
				CLANG_WARN_INT_CONVERSION = YES;
				CLANG_WARN_NON_LITERAL_NULL_CONVERSION = YES;
				CLANG_WARN_OBJC_LITERAL_CONVERSION = YES;
				CLANG_WARN_OBJC_ROOT_CLASS = YES_ERROR;
				CLANG_WARN_RANGE_LOOP_ANALYSIS = YES;
				CLANG_WARN_STRICT_PROTOTYPES = YES;
				CLANG_WARN_SUSPICIOUS_MOVE = YES;
				CLANG_WARN_UNGUARDED_AVAILABILITY = YES_AGGRESSIVE;
				CLANG_WARN_UNREACHABLE_CODE = YES;
				CLANG_WARN__DUPLICATE_METHOD_MATCH = YES;
				CODE_SIGN_IDENTITY = "iPhone Developer";
				COPY_PHASE_STRIP = NO;
				DEBUG_INFORMATION_FORMAT = "dwarf-with-dsym";
				ENABLE_NS_ASSERTIONS = NO;
				ENABLE_STRICT_OBJC_MSGSEND = YES;
				GCC_C_LANGUAGE_STANDARD = gnu11;
				GCC_NO_COMMON_BLOCKS = YES;
				GCC_WARN_64_TO_32_BIT_CONVERSION = YES;
				GCC_WARN_ABOUT_RETURN_TYPE = YES_ERROR;
				GCC_WARN_UNDECLARED_SELECTOR = YES;
				GCC_WARN_UNINITIALIZED_AUTOS = YES_AGGRESSIVE;
				GCC_WARN_UNUSED_FUNCTION = YES;
				GCC_WARN_UNUSED_VARIABLE = YES;
				IPHONEOS_DEPLOYMENT_TARGET = 11.2;
				MTL_ENABLE_DEBUG_INFO = NO;
				SDKROOT = iphoneos;
				SWIFT_OPTIMIZATION_LEVEL = "-Owholemodule";
				VALIDATE_PRODUCT = YES;
			};
			name = Release;
		};
		8A8698182025CD9C0089ADBD /* Debug */ = {
			isa = XCBuildConfiguration;
			baseConfigurationReference = 9530A3080B03411418B356E3 /* Pods-OthersMobile.debug.xcconfig */;
			buildSettings = {
				ASSETCATALOG_COMPILER_APPICON_NAME = AppIcon;
				CLANG_ENABLE_MODULES = YES;
				CODE_SIGN_STYLE = Automatic;
				DEVELOPMENT_TEAM = 4NYQ6YNPGA;
				INFOPLIST_FILE = OthersMobile/Info.plist;
				LD_RUNPATH_SEARCH_PATHS = "$(inherited) @executable_path/Frameworks";
				PRODUCT_BUNDLE_IDENTIFIER = com.evolempirecreative.OthersMobile;
				PRODUCT_NAME = "$(TARGET_NAME)";
				SWIFT_OBJC_BRIDGING_HEADER = "OthersMobile/OthersMobile-Bridging-Header.h";
				SWIFT_OPTIMIZATION_LEVEL = "-Onone";
				SWIFT_VERSION = 4.0;
				TARGETED_DEVICE_FAMILY = "1,2";
			};
			name = Debug;
		};
		8A8698192025CD9C0089ADBD /* Release */ = {
			isa = XCBuildConfiguration;
			baseConfigurationReference = 0AFB421CC02542D62C6500AB /* Pods-OthersMobile.release.xcconfig */;
			buildSettings = {
				ASSETCATALOG_COMPILER_APPICON_NAME = AppIcon;
				CLANG_ENABLE_MODULES = YES;
				CODE_SIGN_STYLE = Automatic;
				DEVELOPMENT_TEAM = 4NYQ6YNPGA;
				INFOPLIST_FILE = OthersMobile/Info.plist;
				LD_RUNPATH_SEARCH_PATHS = "$(inherited) @executable_path/Frameworks";
				PRODUCT_BUNDLE_IDENTIFIER = com.evolempirecreative.OthersMobile;
				PRODUCT_NAME = "$(TARGET_NAME)";
				SWIFT_OBJC_BRIDGING_HEADER = "OthersMobile/OthersMobile-Bridging-Header.h";
				SWIFT_VERSION = 4.0;
				TARGETED_DEVICE_FAMILY = "1,2";
			};
			name = Release;
		};
/* End XCBuildConfiguration section */

/* Begin XCConfigurationList section */
		8A8698002025CD9C0089ADBD /* Build configuration list for PBXProject "OthersMobile" */ = {
			isa = XCConfigurationList;
			buildConfigurations = (
				8A8698152025CD9C0089ADBD /* Debug */,
				8A8698162025CD9C0089ADBD /* Release */,
			);
			defaultConfigurationIsVisible = 0;
			defaultConfigurationName = Release;
		};
		8A8698172025CD9C0089ADBD /* Build configuration list for PBXNativeTarget "OthersMobile" */ = {
			isa = XCConfigurationList;
			buildConfigurations = (
				8A8698182025CD9C0089ADBD /* Debug */,
				8A8698192025CD9C0089ADBD /* Release */,
			);
			defaultConfigurationIsVisible = 0;
			defaultConfigurationName = Release;
		};
/* End XCConfigurationList section */
	};
	rootObject = 8A8697FD2025CD9C0089ADBD /* Project object */;
}
